// !$*UTF8*$!
{
	archiveVersion = 1;
	classes = {
	};
	objectVersion = 50;
	objects = {

/* Begin PBXBuildFile section */
		2DAD3A1321B9B3390081A817 /* AppDelegate.swift in Sources */ = {isa = PBXBuildFile; fileRef = 2DAD3A1221B9B3390081A817 /* AppDelegate.swift */; };
		2DAD3A1521B9B3390081A817 /* ViewController.swift in Sources */ = {isa = PBXBuildFile; fileRef = 2DAD3A1421B9B3390081A817 /* ViewController.swift */; };
		2DAD3A1821B9B3390081A817 /* Main.storyboard in Resources */ = {isa = PBXBuildFile; fileRef = 2DAD3A1621B9B3390081A817 /* Main.storyboard */; };
		2DAD3A1A21B9B33B0081A817 /* Assets.xcassets in Resources */ = {isa = PBXBuildFile; fileRef = 2DAD3A1921B9B33B0081A817 /* Assets.xcassets */; };
		2DAD3A1D21B9B33B0081A817 /* LaunchScreen.storyboard in Resources */ = {isa = PBXBuildFile; fileRef = 2DAD3A1B21B9B33B0081A817 /* LaunchScreen.storyboard */; };
		2DAD3A2821B9B33B0081A817 /* Snap2OmnifocusTests.swift in Sources */ = {isa = PBXBuildFile; fileRef = 2DAD3A2721B9B33B0081A817 /* Snap2OmnifocusTests.swift */; };
		2DAD3A3321B9B33B0081A817 /* Snap2OmnifocusUITests.swift in Sources */ = {isa = PBXBuildFile; fileRef = 2DAD3A3221B9B33B0081A817 /* Snap2OmnifocusUITests.swift */; };
/* End PBXBuildFile section */

/* Begin PBXContainerItemProxy section */
		2DAD3A2421B9B33B0081A817 /* PBXContainerItemProxy */ = {
			isa = PBXContainerItemProxy;
			containerPortal = 2DAD3A0721B9B3390081A817 /* Project object */;
			proxyType = 1;
			remoteGlobalIDString = 2DAD3A0E21B9B3390081A817;
			remoteInfo = Snap2Omnifocus;
		};
		2DAD3A2F21B9B33B0081A817 /* PBXContainerItemProxy */ = {
			isa = PBXContainerItemProxy;
			containerPortal = 2DAD3A0721B9B3390081A817 /* Project object */;
			proxyType = 1;
			remoteGlobalIDString = 2DAD3A0E21B9B3390081A817;
			remoteInfo = Snap2Omnifocus;
		};
/* End PBXContainerItemProxy section */

/* Begin PBXFileReference section */
		2DAD3A0F21B9B3390081A817 /* Snap2Omnifocus.app */ = {isa = PBXFileReference; explicitFileType = wrapper.application; includeInIndex = 0; path = Snap2Omnifocus.app; sourceTree = BUILT_PRODUCTS_DIR; };
		2DAD3A1221B9B3390081A817 /* AppDelegate.swift */ = {isa = PBXFileReference; lastKnownFileType = sourcecode.swift; path = AppDelegate.swift; sourceTree = "<group>"; };
		2DAD3A1421B9B3390081A817 /* ViewController.swift */ = {isa = PBXFileReference; lastKnownFileType = sourcecode.swift; path = ViewController.swift; sourceTree = "<group>"; };
		2DAD3A1721B9B3390081A817 /* Base */ = {isa = PBXFileReference; lastKnownFileType = file.storyboard; name = Base; path = Base.lproj/Main.storyboard; sourceTree = "<group>"; };
		2DAD3A1921B9B33B0081A817 /* Assets.xcassets */ = {isa = PBXFileReference; lastKnownFileType = folder.assetcatalog; path = Assets.xcassets; sourceTree = "<group>"; };
		2DAD3A1C21B9B33B0081A817 /* Base */ = {isa = PBXFileReference; lastKnownFileType = file.storyboard; name = Base; path = Base.lproj/LaunchScreen.storyboard; sourceTree = "<group>"; };
		2DAD3A1E21B9B33B0081A817 /* Info.plist */ = {isa = PBXFileReference; lastKnownFileType = text.plist.xml; path = Info.plist; sourceTree = "<group>"; };
		2DAD3A2321B9B33B0081A817 /* Snap2OmnifocusTests.xctest */ = {isa = PBXFileReference; explicitFileType = wrapper.cfbundle; includeInIndex = 0; path = Snap2OmnifocusTests.xctest; sourceTree = BUILT_PRODUCTS_DIR; };
		2DAD3A2721B9B33B0081A817 /* Snap2OmnifocusTests.swift */ = {isa = PBXFileReference; lastKnownFileType = sourcecode.swift; path = Snap2OmnifocusTests.swift; sourceTree = "<group>"; };
		2DAD3A2921B9B33B0081A817 /* Info.plist */ = {isa = PBXFileReference; lastKnownFileType = text.plist.xml; path = Info.plist; sourceTree = "<group>"; };
		2DAD3A2E21B9B33B0081A817 /* Snap2OmnifocusUITests.xctest */ = {isa = PBXFileReference; explicitFileType = wrapper.cfbundle; includeInIndex = 0; path = Snap2OmnifocusUITests.xctest; sourceTree = BUILT_PRODUCTS_DIR; };
		2DAD3A3221B9B33B0081A817 /* Snap2OmnifocusUITests.swift */ = {isa = PBXFileReference; lastKnownFileType = sourcecode.swift; path = Snap2OmnifocusUITests.swift; sourceTree = "<group>"; };
		2DAD3A3421B9B33B0081A817 /* Info.plist */ = {isa = PBXFileReference; lastKnownFileType = text.plist.xml; path = Info.plist; sourceTree = "<group>"; };
/* End PBXFileReference section */

/* Begin PBXFrameworksBuildPhase section */
		2DAD3A0C21B9B3390081A817 /* Frameworks */ = {
			isa = PBXFrameworksBuildPhase;
			buildActionMask = 2147483647;
			files = (
			);
			runOnlyForDeploymentPostprocessing = 0;
		};
		2DAD3A2021B9B33B0081A817 /* Frameworks */ = {
			isa = PBXFrameworksBuildPhase;
			buildActionMask = 2147483647;
			files = (
			);
			runOnlyForDeploymentPostprocessing = 0;
		};
		2DAD3A2B21B9B33B0081A817 /* Frameworks */ = {
			isa = PBXFrameworksBuildPhase;
			buildActionMask = 2147483647;
			files = (
			);
			runOnlyForDeploymentPostprocessing = 0;
		};
/* End PBXFrameworksBuildPhase section */

/* Begin PBXGroup section */
		2DAD3A0621B9B3390081A817 = {
			isa = PBXGroup;
			children = (
				2DAD3A1121B9B3390081A817 /* Snap2Omnifocus */,
				2DAD3A2621B9B33B0081A817 /* Snap2OmnifocusTests */,
				2DAD3A3121B9B33B0081A817 /* Snap2OmnifocusUITests */,
				2DAD3A1021B9B3390081A817 /* Products */,
			);
			sourceTree = "<group>";
		};
		2DAD3A1021B9B3390081A817 /* Products */ = {
			isa = PBXGroup;
			children = (
				2DAD3A0F21B9B3390081A817 /* Snap2Omnifocus.app */,
				2DAD3A2321B9B33B0081A817 /* Snap2OmnifocusTests.xctest */,
				2DAD3A2E21B9B33B0081A817 /* Snap2OmnifocusUITests.xctest */,
			);
			name = Products;
			sourceTree = "<group>";
		};
		2DAD3A1121B9B3390081A817 /* Snap2Omnifocus */ = {
			isa = PBXGroup;
			children = (
				2DAD3A1221B9B3390081A817 /* AppDelegate.swift */,
				2DAD3A1421B9B3390081A817 /* ViewController.swift */,
				2DAD3A1621B9B3390081A817 /* Main.storyboard */,
				2DAD3A1921B9B33B0081A817 /* Assets.xcassets */,
				2DAD3A1B21B9B33B0081A817 /* LaunchScreen.storyboard */,
				2DAD3A1E21B9B33B0081A817 /* Info.plist */,
			);
			path = Snap2Omnifocus;
			sourceTree = "<group>";
		};
		2DAD3A2621B9B33B0081A817 /* Snap2OmnifocusTests */ = {
			isa = PBXGroup;
			children = (
				2DAD3A2721B9B33B0081A817 /* Snap2OmnifocusTests.swift */,
				2DAD3A2921B9B33B0081A817 /* Info.plist */,
			);
			path = Snap2OmnifocusTests;
			sourceTree = "<group>";
		};
		2DAD3A3121B9B33B0081A817 /* Snap2OmnifocusUITests */ = {
			isa = PBXGroup;
			children = (
				2DAD3A3221B9B33B0081A817 /* Snap2OmnifocusUITests.swift */,
				2DAD3A3421B9B33B0081A817 /* Info.plist */,
			);
			path = Snap2OmnifocusUITests;
			sourceTree = "<group>";
		};
/* End PBXGroup section */

/* Begin PBXNativeTarget section */
		2DAD3A0E21B9B3390081A817 /* Snap2Omnifocus */ = {
			isa = PBXNativeTarget;
			buildConfigurationList = 2DAD3A3721B9B33B0081A817 /* Build configuration list for PBXNativeTarget "Snap2Omnifocus" */;
			buildPhases = (
				2DAD3A0B21B9B3390081A817 /* Sources */,
				2DAD3A0C21B9B3390081A817 /* Frameworks */,
				2DAD3A0D21B9B3390081A817 /* Resources */,
			);
			buildRules = (
			);
			dependencies = (
			);
			name = Snap2Omnifocus;
			productName = Snap2Omnifocus;
			productReference = 2DAD3A0F21B9B3390081A817 /* Snap2Omnifocus.app */;
			productType = "com.apple.product-type.application";
		};
		2DAD3A2221B9B33B0081A817 /* Snap2OmnifocusTests */ = {
			isa = PBXNativeTarget;
			buildConfigurationList = 2DAD3A3A21B9B33B0081A817 /* Build configuration list for PBXNativeTarget "Snap2OmnifocusTests" */;
			buildPhases = (
				2DAD3A1F21B9B33B0081A817 /* Sources */,
				2DAD3A2021B9B33B0081A817 /* Frameworks */,
				2DAD3A2121B9B33B0081A817 /* Resources */,
			);
			buildRules = (
			);
			dependencies = (
				2DAD3A2521B9B33B0081A817 /* PBXTargetDependency */,
			);
			name = Snap2OmnifocusTests;
			productName = Snap2OmnifocusTests;
			productReference = 2DAD3A2321B9B33B0081A817 /* Snap2OmnifocusTests.xctest */;
			productType = "com.apple.product-type.bundle.unit-test";
		};
		2DAD3A2D21B9B33B0081A817 /* Snap2OmnifocusUITests */ = {
			isa = PBXNativeTarget;
			buildConfigurationList = 2DAD3A3D21B9B33B0081A817 /* Build configuration list for PBXNativeTarget "Snap2OmnifocusUITests" */;
			buildPhases = (
				2DAD3A2A21B9B33B0081A817 /* Sources */,
				2DAD3A2B21B9B33B0081A817 /* Frameworks */,
				2DAD3A2C21B9B33B0081A817 /* Resources */,
			);
			buildRules = (
			);
			dependencies = (
				2DAD3A3021B9B33B0081A817 /* PBXTargetDependency */,
			);
			name = Snap2OmnifocusUITests;
			productName = Snap2OmnifocusUITests;
			productReference = 2DAD3A2E21B9B33B0081A817 /* Snap2OmnifocusUITests.xctest */;
			productType = "com.apple.product-type.bundle.ui-testing";
		};
/* End PBXNativeTarget section */

/* Begin PBXProject section */
		2DAD3A0721B9B3390081A817 /* Project object */ = {
			isa = PBXProject;
			attributes = {
				LastSwiftUpdateCheck = 1010;
				LastUpgradeCheck = 1010;
				ORGANIZATIONNAME = me.wrtsprt.labs.rrr;
				TargetAttributes = {
					2DAD3A0E21B9B3390081A817 = {
						CreatedOnToolsVersion = 10.1;
						LastSwiftMigration = 1140;
					};
					2DAD3A2221B9B33B0081A817 = {
						CreatedOnToolsVersion = 10.1;
						LastSwiftMigration = 1140;
						TestTargetID = 2DAD3A0E21B9B3390081A817;
					};
					2DAD3A2D21B9B33B0081A817 = {
						CreatedOnToolsVersion = 10.1;
						LastSwiftMigration = 1140;
						TestTargetID = 2DAD3A0E21B9B3390081A817;
					};
				};
			};
			buildConfigurationList = 2DAD3A0A21B9B3390081A817 /* Build configuration list for PBXProject "Snap2Omnifocus" */;
			compatibilityVersion = "Xcode 9.3";
			developmentRegion = en;
			hasScannedForEncodings = 0;
			knownRegions = (
				en,
				Base,
			);
			mainGroup = 2DAD3A0621B9B3390081A817;
			productRefGroup = 2DAD3A1021B9B3390081A817 /* Products */;
			projectDirPath = "";
			projectRoot = "";
			targets = (
				2DAD3A0E21B9B3390081A817 /* Snap2Omnifocus */,
				2DAD3A2221B9B33B0081A817 /* Snap2OmnifocusTests */,
				2DAD3A2D21B9B33B0081A817 /* Snap2OmnifocusUITests */,
			);
		};
/* End PBXProject section */

/* Begin PBXResourcesBuildPhase section */
		2DAD3A0D21B9B3390081A817 /* Resources */ = {
			isa = PBXResourcesBuildPhase;
			buildActionMask = 2147483647;
			files = (
				2DAD3A1D21B9B33B0081A817 /* LaunchScreen.storyboard in Resources */,
				2DAD3A1A21B9B33B0081A817 /* Assets.xcassets in Resources */,
				2DAD3A1821B9B3390081A817 /* Main.storyboard in Resources */,
			);
			runOnlyForDeploymentPostprocessing = 0;
		};
		2DAD3A2121B9B33B0081A817 /* Resources */ = {
			isa = PBXResourcesBuildPhase;
			buildActionMask = 2147483647;
			files = (
			);
			runOnlyForDeploymentPostprocessing = 0;
		};
		2DAD3A2C21B9B33B0081A817 /* Resources */ = {
			isa = PBXResourcesBuildPhase;
			buildActionMask = 2147483647;
			files = (
			);
			runOnlyForDeploymentPostprocessing = 0;
		};
/* End PBXResourcesBuildPhase section */

/* Begin PBXSourcesBuildPhase section */
		2DAD3A0B21B9B3390081A817 /* Sources */ = {
			isa = PBXSourcesBuildPhase;
			buildActionMask = 2147483647;
			files = (
				2DAD3A1521B9B3390081A817 /* ViewController.swift in Sources */,
				2DAD3A1321B9B3390081A817 /* AppDelegate.swift in Sources */,
			);
			runOnlyForDeploymentPostprocessing = 0;
		};
		2DAD3A1F21B9B33B0081A817 /* Sources */ = {
			isa = PBXSourcesBuildPhase;
			buildActionMask = 2147483647;
			files = (
				2DAD3A2821B9B33B0081A817 /* Snap2OmnifocusTests.swift in Sources */,
			);
			runOnlyForDeploymentPostprocessing = 0;
		};
		2DAD3A2A21B9B33B0081A817 /* Sources */ = {
			isa = PBXSourcesBuildPhase;
			buildActionMask = 2147483647;
			files = (
				2DAD3A3321B9B33B0081A817 /* Snap2OmnifocusUITests.swift in Sources */,
			);
			runOnlyForDeploymentPostprocessing = 0;
		};
/* End PBXSourcesBuildPhase section */

/* Begin PBXTargetDependency section */
		2DAD3A2521B9B33B0081A817 /* PBXTargetDependency */ = {
			isa = PBXTargetDependency;
			target = 2DAD3A0E21B9B3390081A817 /* Snap2Omnifocus */;
			targetProxy = 2DAD3A2421B9B33B0081A817 /* PBXContainerItemProxy */;
		};
		2DAD3A3021B9B33B0081A817 /* PBXTargetDependency */ = {
			isa = PBXTargetDependency;
			target = 2DAD3A0E21B9B3390081A817 /* Snap2Omnifocus */;
			targetProxy = 2DAD3A2F21B9B33B0081A817 /* PBXContainerItemProxy */;
		};
/* End PBXTargetDependency section */

/* Begin PBXVariantGroup section */
		2DAD3A1621B9B3390081A817 /* Main.storyboard */ = {
			isa = PBXVariantGroup;
			children = (
				2DAD3A1721B9B3390081A817 /* Base */,
			);
			name = Main.storyboard;
			sourceTree = "<group>";
		};
		2DAD3A1B21B9B33B0081A817 /* LaunchScreen.storyboard */ = {
			isa = PBXVariantGroup;
			children = (
				2DAD3A1C21B9B33B0081A817 /* Base */,
			);
			name = LaunchScreen.storyboard;
			sourceTree = "<group>";
		};
/* End PBXVariantGroup section */

/* Begin XCBuildConfiguration section */
		2DAD3A3521B9B33B0081A817 /* Debug */ = {
			isa = XCBuildConfiguration;
			buildSettings = {
				ALWAYS_SEARCH_USER_PATHS = NO;
				CLANG_ANALYZER_NONNULL = YES;
				CLANG_ANALYZER_NUMBER_OBJECT_CONVERSION = YES_AGGRESSIVE;
				CLANG_CXX_LANGUAGE_STANDARD = "gnu++14";
				CLANG_CXX_LIBRARY = "libc++";
				CLANG_ENABLE_MODULES = YES;
				CLANG_ENABLE_OBJC_ARC = YES;
				CLANG_ENABLE_OBJC_WEAK = YES;
				CLANG_WARN_BLOCK_CAPTURE_AUTORELEASING = YES;
				CLANG_WARN_BOOL_CONVERSION = YES;
				CLANG_WARN_COMMA = YES;
				CLANG_WARN_CONSTANT_CONVERSION = YES;
				CLANG_WARN_DEPRECATED_OBJC_IMPLEMENTATIONS = YES;
				CLANG_WARN_DIRECT_OBJC_ISA_USAGE = YES_ERROR;
				CLANG_WARN_DOCUMENTATION_COMMENTS = YES;
				CLANG_WARN_EMPTY_BODY = YES;
				CLANG_WARN_ENUM_CONVERSION = YES;
				CLANG_WARN_INFINITE_RECURSION = YES;
				CLANG_WARN_INT_CONVERSION = YES;
				CLANG_WARN_NON_LITERAL_NULL_CONVERSION = YES;
				CLANG_WARN_OBJC_IMPLICIT_RETAIN_SELF = YES;
				CLANG_WARN_OBJC_LITERAL_CONVERSION = YES;
				CLANG_WARN_OBJC_ROOT_CLASS = YES_ERROR;
				CLANG_WARN_RANGE_LOOP_ANALYSIS = YES;
				CLANG_WARN_STRICT_PROTOTYPES = YES;
				CLANG_WARN_SUSPICIOUS_MOVE = YES;
				CLANG_WARN_UNGUARDED_AVAILABILITY = YES_AGGRESSIVE;
				CLANG_WARN_UNREACHABLE_CODE = YES;
				CLANG_WARN__DUPLICATE_METHOD_MATCH = YES;
				CODE_SIGN_IDENTITY = "iPhone Developer";
				COPY_PHASE_STRIP = NO;
				DEBUG_INFORMATION_FORMAT = dwarf;
				ENABLE_STRICT_OBJC_MSGSEND = YES;
				ENABLE_TESTABILITY = YES;
				GCC_C_LANGUAGE_STANDARD = gnu11;
				GCC_DYNAMIC_NO_PIC = NO;
				GCC_NO_COMMON_BLOCKS = YES;
				GCC_OPTIMIZATION_LEVEL = 0;
				GCC_PREPROCESSOR_DEFINITIONS = (
					"DEBUG=1",
					"$(inherited)",
				);
				GCC_WARN_64_TO_32_BIT_CONVERSION = YES;
				GCC_WARN_ABOUT_RETURN_TYPE = YES_ERROR;
				GCC_WARN_UNDECLARED_SELECTOR = YES;
				GCC_WARN_UNINITIALIZED_AUTOS = YES_AGGRESSIVE;
				GCC_WARN_UNUSED_FUNCTION = YES;
				GCC_WARN_UNUSED_VARIABLE = YES;
				IPHONEOS_DEPLOYMENT_TARGET = 12.1;
				MTL_ENABLE_DEBUG_INFO = INCLUDE_SOURCE;
				MTL_FAST_MATH = YES;
				ONLY_ACTIVE_ARCH = YES;
				SDKROOT = iphoneos;
				SWIFT_ACTIVE_COMPILATION_CONDITIONS = DEBUG;
				SWIFT_OPTIMIZATION_LEVEL = "-Onone";
			};
			name = Debug;
		};
		2DAD3A3621B9B33B0081A817 /* Release */ = {
			isa = XCBuildConfiguration;
			buildSettings = {
				ALWAYS_SEARCH_USER_PATHS = NO;
				CLANG_ANALYZER_NONNULL = YES;
				CLANG_ANALYZER_NUMBER_OBJECT_CONVERSION = YES_AGGRESSIVE;
				CLANG_CXX_LANGUAGE_STANDARD = "gnu++14";
				CLANG_CXX_LIBRARY = "libc++";
				CLANG_ENABLE_MODULES = YES;
				CLANG_ENABLE_OBJC_ARC = YES;
				CLANG_ENABLE_OBJC_WEAK = YES;
				CLANG_WARN_BLOCK_CAPTURE_AUTORELEASING = YES;
				CLANG_WARN_BOOL_CONVERSION = YES;
				CLANG_WARN_COMMA = YES;
				CLANG_WARN_CONSTANT_CONVERSION = YES;
				CLANG_WARN_DEPRECATED_OBJC_IMPLEMENTATIONS = YES;
				CLANG_WARN_DIRECT_OBJC_ISA_USAGE = YES_ERROR;
				CLANG_WARN_DOCUMENTATION_COMMENTS = YES;
				CLANG_WARN_EMPTY_BODY = YES;
				CLANG_WARN_ENUM_CONVERSION = YES;
				CLANG_WARN_INFINITE_RECURSION = YES;
				CLANG_WARN_INT_CONVERSION = YES;
				CLANG_WARN_NON_LITERAL_NULL_CONVERSION = YES;
				CLANG_WARN_OBJC_IMPLICIT_RETAIN_SELF = YES;
				CLANG_WARN_OBJC_LITERAL_CONVERSION = YES;
				CLANG_WARN_OBJC_ROOT_CLASS = YES_ERROR;
				CLANG_WARN_RANGE_LOOP_ANALYSIS = YES;
				CLANG_WARN_STRICT_PROTOTYPES = YES;
				CLANG_WARN_SUSPICIOUS_MOVE = YES;
				CLANG_WARN_UNGUARDED_AVAILABILITY = YES_AGGRESSIVE;
				CLANG_WARN_UNREACHABLE_CODE = YES;
				CLANG_WARN__DUPLICATE_METHOD_MATCH = YES;
				CODE_SIGN_IDENTITY = "iPhone Developer";
				COPY_PHASE_STRIP = NO;
				DEBUG_INFORMATION_FORMAT = "dwarf-with-dsym";
				ENABLE_NS_ASSERTIONS = NO;
				ENABLE_STRICT_OBJC_MSGSEND = YES;
				GCC_C_LANGUAGE_STANDARD = gnu11;
				GCC_NO_COMMON_BLOCKS = YES;
				GCC_WARN_64_TO_32_BIT_CONVERSION = YES;
				GCC_WARN_ABOUT_RETURN_TYPE = YES_ERROR;
				GCC_WARN_UNDECLARED_SELECTOR = YES;
				GCC_WARN_UNINITIALIZED_AUTOS = YES_AGGRESSIVE;
				GCC_WARN_UNUSED_FUNCTION = YES;
				GCC_WARN_UNUSED_VARIABLE = YES;
				IPHONEOS_DEPLOYMENT_TARGET = 12.1;
				MTL_ENABLE_DEBUG_INFO = NO;
				MTL_FAST_MATH = YES;
				SDKROOT = iphoneos;
				SWIFT_COMPILATION_MODE = wholemodule;
				SWIFT_OPTIMIZATION_LEVEL = "-O";
				VALIDATE_PRODUCT = YES;
			};
			name = Release;
		};
		2DAD3A3821B9B33B0081A817 /* Debug */ = {
			isa = XCBuildConfiguration;
			buildSettings = {
				ASSETCATALOG_COMPILER_APPICON_NAME = AppIcon;
				CODE_SIGN_IDENTITY = "Apple Development";
				CODE_SIGN_STYLE = Automatic;
				DEVELOPMENT_TEAM = E36FEKE8GY;
				INFOPLIST_FILE = Snap2Omnifocus/Info.plist;
				LD_RUNPATH_SEARCH_PATHS = (
					"$(inherited)",
					"@executable_path/Frameworks",
				);
				PRODUCT_BUNDLE_IDENTIFIER = me.wrtsprt.Snap2Omnifocus;
				PRODUCT_NAME = "$(TARGET_NAME)";
				PROVISIONING_PROFILE_SPECIFIER = "";
				SWIFT_VERSION = 5.0;
				TARGETED_DEVICE_FAMILY = "1,2";
			};
			name = Debug;
		};
		2DAD3A3921B9B33B0081A817 /* Release */ = {
			isa = XCBuildConfiguration;
			buildSettings = {
				ASSETCATALOG_COMPILER_APPICON_NAME = AppIcon;
				CODE_SIGN_IDENTITY = "Apple Development";
				CODE_SIGN_STYLE = Automatic;
				DEVELOPMENT_TEAM = E36FEKE8GY;
				INFOPLIST_FILE = Snap2Omnifocus/Info.plist;
				LD_RUNPATH_SEARCH_PATHS = (
					"$(inherited)",
					"@executable_path/Frameworks",
				);
				PRODUCT_BUNDLE_IDENTIFIER = me.wrtsprt.Snap2Omnifocus;
				PRODUCT_NAME = "$(TARGET_NAME)";
				PROVISIONING_PROFILE_SPECIFIER = "";
				SWIFT_VERSION = 5.0;
				TARGETED_DEVICE_FAMILY = "1,2";
			};
			name = Release;
		};
		2DAD3A3B21B9B33B0081A817 /* Debug */ = {
			isa = XCBuildConfiguration;
			buildSettings = {
				ALWAYS_EMBED_SWIFT_STANDARD_LIBRARIES = YES;
				BUNDLE_LOADER = "$(TEST_HOST)";
				CODE_SIGN_STYLE = Automatic;
				DEVELOPMENT_TEAM = E36FEKE8GY;
				INFOPLIST_FILE = Snap2OmnifocusTests/Info.plist;
				LD_RUNPATH_SEARCH_PATHS = (
					"$(inherited)",
					"@executable_path/Frameworks",
					"@loader_path/Frameworks",
				);
				PRODUCT_BUNDLE_IDENTIFIER = me.wrtsprt.Snap2OmnifocusTests;
				PRODUCT_NAME = "$(TARGET_NAME)";
				SWIFT_VERSION = 5.0;
				TARGETED_DEVICE_FAMILY = "1,2";
				TEST_HOST = "$(BUILT_PRODUCTS_DIR)/Snap2Omnifocus.app/Snap2Omnifocus";
			};
			name = Debug;
		};
		2DAD3A3C21B9B33B0081A817 /* Release */ = {
			isa = XCBuildConfiguration;
			buildSettings = {
				ALWAYS_EMBED_SWIFT_STANDARD_LIBRARIES = YES;
				BUNDLE_LOADER = "$(TEST_HOST)";
				CODE_SIGN_STYLE = Automatic;
				DEVELOPMENT_TEAM = E36FEKE8GY;
				INFOPLIST_FILE = Snap2OmnifocusTests/Info.plist;
				LD_RUNPATH_SEARCH_PATHS = (
					"$(inherited)",
					"@executable_path/Frameworks",
					"@loader_path/Frameworks",
				);
				PRODUCT_BUNDLE_IDENTIFIER = me.wrtsprt.Snap2OmnifocusTests;
				PRODUCT_NAME = "$(TARGET_NAME)";
				SWIFT_VERSION = 5.0;
				TARGETED_DEVICE_FAMILY = "1,2";
				TEST_HOST = "$(BUILT_PRODUCTS_DIR)/Snap2Omnifocus.app/Snap2Omnifocus";
			};
			name = Release;
		};
		2DAD3A3E21B9B33B0081A817 /* Debug */ = {
			isa = XCBuildConfiguration;
			buildSettings = {
				ALWAYS_EMBED_SWIFT_STANDARD_LIBRARIES = YES;
				CODE_SIGN_STYLE = Automatic;
				DEVELOPMENT_TEAM = E36FEKE8GY;
				INFOPLIST_FILE = Snap2OmnifocusUITests/Info.plist;
				LD_RUNPATH_SEARCH_PATHS = (
					"$(inherited)",
					"@executable_path/Frameworks",
					"@loader_path/Frameworks",
				);
				PRODUCT_BUNDLE_IDENTIFIER = me.wrtsprt.Snap2OmnifocusUITests;
				PRODUCT_NAME = "$(TARGET_NAME)";
				SWIFT_VERSION = 5.0;
				TARGETED_DEVICE_FAMILY = "1,2";
				TEST_TARGET_NAME = Snap2Omnifocus;
			};
			name = Debug;
		};
		2DAD3A3F21B9B33B0081A817 /* Release */ = {
			isa = XCBuildConfiguration;
			buildSettings = {
				ALWAYS_EMBED_SWIFT_STANDARD_LIBRARIES = YES;
				CODE_SIGN_STYLE = Automatic;
				DEVELOPMENT_TEAM = E36FEKE8GY;
				INFOPLIST_FILE = Snap2OmnifocusUITests/Info.plist;
				LD_RUNPATH_SEARCH_PATHS = (
					"$(inherited)",
					"@executable_path/Frameworks",
					"@loader_path/Frameworks",
				);
				PRODUCT_BUNDLE_IDENTIFIER = me.wrtsprt.Snap2OmnifocusUITests;
				PRODUCT_NAME = "$(TARGET_NAME)";
				SWIFT_VERSION = 5.0;
				TARGETED_DEVICE_FAMILY = "1,2";
				TEST_TARGET_NAME = Snap2Omnifocus;
			};
			name = Release;
		};
/* End XCBuildConfiguration section */

/* Begin XCConfigurationList section */
		2DAD3A0A21B9B3390081A817 /* Build configuration list for PBXProject "Snap2Omnifocus" */ = {
			isa = XCConfigurationList;
			buildConfigurations = (
				2DAD3A3521B9B33B0081A817 /* Debug */,
				2DAD3A3621B9B33B0081A817 /* Release */,
			);
			defaultConfigurationIsVisible = 0;
			defaultConfigurationName = Release;
		};
		2DAD3A3721B9B33B0081A817 /* Build configuration list for PBXNativeTarget "Snap2Omnifocus" */ = {
			isa = XCConfigurationList;
			buildConfigurations = (
				2DAD3A3821B9B33B0081A817 /* Debug */,
				2DAD3A3921B9B33B0081A817 /* Release */,
			);
			defaultConfigurationIsVisible = 0;
			defaultConfigurationName = Release;
		};
		2DAD3A3A21B9B33B0081A817 /* Build configuration list for PBXNativeTarget "Snap2OmnifocusTests" */ = {
			isa = XCConfigurationList;
			buildConfigurations = (
				2DAD3A3B21B9B33B0081A817 /* Debug */,
				2DAD3A3C21B9B33B0081A817 /* Release */,
			);
			defaultConfigurationIsVisible = 0;
			defaultConfigurationName = Release;
		};
		2DAD3A3D21B9B33B0081A817 /* Build configuration list for PBXNativeTarget "Snap2OmnifocusUITests" */ = {
			isa = XCConfigurationList;
			buildConfigurations = (
				2DAD3A3E21B9B33B0081A817 /* Debug */,
				2DAD3A3F21B9B33B0081A817 /* Release */,
			);
			defaultConfigurationIsVisible = 0;
			defaultConfigurationName = Release;
		};
/* End XCConfigurationList section */
	};
	rootObject = 2DAD3A0721B9B3390081A817 /* Project object */;
}
